
Microsoft Visual Studio Solution File, Format Version 12.00
# Visual Studio Version 17
VisualStudioVersion = 17.5.002.0
MinimumVisualStudioVersion = 10.0.40219.1
Project("{9A19103F-16F7-4668-BE54-9A1E7A4F7556}") = "RoboticArmService", "RoboticArm\RoboticArmService.csproj", "{A13D1D52-83C9-41A9-B47D-D84DA272336C}"
EndProject
Project("{9A19103F-16F7-4668-BE54-9A1E7A4F7556}") = "DataContracts", "DataContracts\DataContracts.csproj", "{64B02E62-62CF-4061-B026-0D210309D989}"
EndProject
Project("{9A19103F-16F7-4668-BE54-9A1E7A4F7556}") = "StorageConnector", "StorageConnector\StorageConnector.csproj", "{6D217C70-7A84-45B1-82E4-994AF55F5858}"
EndProject
Project("{2150E333-8FDC-42A3-9474-1A3956D46DE8}") = "CentralComponent", "CentralComponent", "{B5B21BF5-AB99-4761-BE78-EAF66CAEA3E6}"
EndProject
Project("{9A19103F-16F7-4668-BE54-9A1E7A4F7556}") = "EventHandlerService", "CentralComponent\EventHandlerService\EventHandlerService.csproj", "{D2379E0B-8B76-4F51-9D1E-74CD69A2059F}"
EndProject
Project("{9A19103F-16F7-4668-BE54-9A1E7A4F7556}") = "MonitoringService", "CentralComponent\MonitoringService\MonitoringService.csproj", "{7DD45302-D74A-4CBB-895C-20CCA2A7DB79}"
EndProject
Project("{9A19103F-16F7-4668-BE54-9A1E7A4F7556}") = "TaskCoordinatorService", "CentralComponent\TaskCoordinatorService\TaskCoordinatorService.csproj", "{0CF0DC12-0418-4E82-B5E0-D2754F842E65}"
EndProject
Project("{2150E333-8FDC-42A3-9474-1A3956D46DE8}") = "StorageMiddleware", "StorageMiddleware", "{C93BF15F-63B2-406D-AA7B-658238ECAED5}"
EndProject
Project("{9A19103F-16F7-4668-BE54-9A1E7A4F7556}") = "StorageMiddlewareApi", "StorageMiddleware\StorageMiddlewareApi\StorageMiddlewareApi.csproj", "{4DCF2175-0FDA-4A46-A318-F5F54D8A309C}"
EndProject
Project("{9A19103F-16F7-4668-BE54-9A1E7A4F7556}") = "StorageAdapters", "StorageMiddleware\StorageAdapters\StorageAdapters.csproj", "{4D0E6BA8-F8BB-43C7-B3A5-B1851135DA1B}"
EndProject
Project("{9A19103F-16F7-4668-BE54-9A1E7A4F7556}") = "CacheProvider", "StorageMiddleware\CacheProvider\CacheProvider.csproj", "{FEB3265D-792F-4795-B99F-8232B2E8D19F}"
EndProject
Global
	GlobalSection(SolutionConfigurationPlatforms) = preSolution
		Debug|Any CPU = Debug|Any CPU
		Release|Any CPU = Release|Any CPU
	EndGlobalSection
	GlobalSection(ProjectConfigurationPlatforms) = postSolution
		{A13D1D52-83C9-41A9-B47D-D84DA272336C}.Debug|Any CPU.ActiveCfg = Debug|Any CPU
		{A13D1D52-83C9-41A9-B47D-D84DA272336C}.Debug|Any CPU.Build.0 = Debug|Any CPU
		{A13D1D52-83C9-41A9-B47D-D84DA272336C}.Release|Any CPU.ActiveCfg = Release|Any CPU
		{A13D1D52-83C9-41A9-B47D-D84DA272336C}.Release|Any CPU.Build.0 = Release|Any CPU
		{64B02E62-62CF-4061-B026-0D210309D989}.Debug|Any CPU.ActiveCfg = Debug|Any CPU
		{64B02E62-62CF-4061-B026-0D210309D989}.Debug|Any CPU.Build.0 = Debug|Any CPU
		{64B02E62-62CF-4061-B026-0D210309D989}.Release|Any CPU.ActiveCfg = Release|Any CPU
		{64B02E62-62CF-4061-B026-0D210309D989}.Release|Any CPU.Build.0 = Release|Any CPU
		{6D217C70-7A84-45B1-82E4-994AF55F5858}.Debug|Any CPU.ActiveCfg = Debug|Any CPU
		{6D217C70-7A84-45B1-82E4-994AF55F5858}.Debug|Any CPU.Build.0 = Debug|Any CPU
		{6D217C70-7A84-45B1-82E4-994AF55F5858}.Release|Any CPU.ActiveCfg = Release|Any CPU
		{6D217C70-7A84-45B1-82E4-994AF55F5858}.Release|Any CPU.Build.0 = Release|Any CPU
		{D2379E0B-8B76-4F51-9D1E-74CD69A2059F}.Debug|Any CPU.ActiveCfg = Debug|Any CPU
		{D2379E0B-8B76-4F51-9D1E-74CD69A2059F}.Debug|Any CPU.Build.0 = Debug|Any CPU
		{D2379E0B-8B76-4F51-9D1E-74CD69A2059F}.Release|Any CPU.ActiveCfg = Release|Any CPU
		{D2379E0B-8B76-4F51-9D1E-74CD69A2059F}.Release|Any CPU.Build.0 = Release|Any CPU
		{7DD45302-D74A-4CBB-895C-20CCA2A7DB79}.Debug|Any CPU.ActiveCfg = Debug|Any CPU
		{7DD45302-D74A-4CBB-895C-20CCA2A7DB79}.Debug|Any CPU.Build.0 = Debug|Any CPU
		{7DD45302-D74A-4CBB-895C-20CCA2A7DB79}.Release|Any CPU.ActiveCfg = Release|Any CPU
		{7DD45302-D74A-4CBB-895C-20CCA2A7DB79}.Release|Any CPU.Build.0 = Release|Any CPU
		{0CF0DC12-0418-4E82-B5E0-D2754F842E65}.Debug|Any CPU.ActiveCfg = Debug|Any CPU
		{0CF0DC12-0418-4E82-B5E0-D2754F842E65}.Debug|Any CPU.Build.0 = Debug|Any CPU
		{0CF0DC12-0418-4E82-B5E0-D2754F842E65}.Release|Any CPU.ActiveCfg = Release|Any CPU
		{0CF0DC12-0418-4E82-B5E0-D2754F842E65}.Release|Any CPU.Build.0 = Release|Any CPU
		{4DCF2175-0FDA-4A46-A318-F5F54D8A309C}.Debug|Any CPU.ActiveCfg = Debug|Any CPU
		{4DCF2175-0FDA-4A46-A318-F5F54D8A309C}.Debug|Any CPU.Build.0 = Debug|Any CPU
		{4DCF2175-0FDA-4A46-A318-F5F54D8A309C}.Release|Any CPU.ActiveCfg = Release|Any CPU
		{4DCF2175-0FDA-4A46-A318-F5F54D8A309C}.Release|Any CPU.Build.0 = Release|Any CPU
		{4D0E6BA8-F8BB-43C7-B3A5-B1851135DA1B}.Debug|Any CPU.ActiveCfg = Debug|Any CPU
		{4D0E6BA8-F8BB-43C7-B3A5-B1851135DA1B}.Debug|Any CPU.Build.0 = Debug|Any CPU
		{4D0E6BA8-F8BB-43C7-B3A5-B1851135DA1B}.Release|Any CPU.ActiveCfg = Release|Any CPU
		{4D0E6BA8-F8BB-43C7-B3A5-B1851135DA1B}.Release|Any CPU.Build.0 = Release|Any CPU
		{FEB3265D-792F-4795-B99F-8232B2E8D19F}.Debug|Any CPU.ActiveCfg = Debug|Any CPU
		{FEB3265D-792F-4795-B99F-8232B2E8D19F}.Debug|Any CPU.Build.0 = Debug|Any CPU
		{FEB3265D-792F-4795-B99F-8232B2E8D19F}.Release|Any CPU.ActiveCfg = Release|Any CPU
		{FEB3265D-792F-4795-B99F-8232B2E8D19F}.Release|Any CPU.Build.0 = Release|Any CPU
	EndGlobalSection
	GlobalSection(SolutionProperties) = preSolution
		HideSolutionNode = FALSE
	EndGlobalSection
	GlobalSection(NestedProjects) = preSolution
		{D2379E0B-8B76-4F51-9D1E-74CD69A2059F} = {B5B21BF5-AB99-4761-BE78-EAF66CAEA3E6}
		{7DD45302-D74A-4CBB-895C-20CCA2A7DB79} = {B5B21BF5-AB99-4761-BE78-EAF66CAEA3E6}
		{0CF0DC12-0418-4E82-B5E0-D2754F842E65} = {B5B21BF5-AB99-4761-BE78-EAF66CAEA3E6}
		{4DCF2175-0FDA-4A46-A318-F5F54D8A309C} = {C93BF15F-63B2-406D-AA7B-658238ECAED5}
		{4D0E6BA8-F8BB-43C7-B3A5-B1851135DA1B} = {C93BF15F-63B2-406D-AA7B-658238ECAED5}
		{FEB3265D-792F-4795-B99F-8232B2E8D19F} = {C93BF15F-63B2-406D-AA7B-658238ECAED5}
	EndGlobalSection
	GlobalSection(ExtensibilityGlobals) = postSolution
		SolutionGuid = {B71D2DA9-FEB0-4D91-86EE-185CB76DCAF8}
	EndGlobalSection
EndGlobal
