
Microsoft Visual Studio Solution File, Format Version 12.00
# Visual Studio Version 17
VisualStudioVersion = 17.5.002.0
MinimumVisualStudioVersion = 10.0.40219.1
Project("{9A19103F-16F7-4668-BE54-9A1E7A4F7556}") = "RoboticArmService", "RoboticArm\RoboticArmService.csproj", "{D9721F0B-10EE-404E-B3CE-EF11D5B0EB7B}"
EndProject
Project("{2150E333-8FDC-42A3-9474-1A3956D46DE8}") = "CentralComponent", "CentralComponent", "{BC2BA119-908D-404D-9A3D-3ED7F1B3655B}"
EndProject
Project("{9A19103F-16F7-4668-BE54-9A1E7A4F7556}") = "EventHandlerService", "CentralComponent\EventHandlerService\EventHandlerService.csproj", "{5C6CD6F5-368E-4210-8F8A-8DAE394F5E60}"
EndProject
Project("{9A19103F-16F7-4668-BE54-9A1E7A4F7556}") = "MonitoringService", "CentralComponent\MonitoringService\MonitoringService.csproj", "{9EA75F42-F52A-4B43-8F29-AAD99CBEA729}"
EndProject
Project("{9A19103F-16F7-4668-BE54-9A1E7A4F7556}") = "TaskCoordinatorService", "CentralComponent\TaskCoordinatorService\TaskCoordinatorService.csproj", "{7B6A3CD4-D909-4863-B38E-A3D6B7025B50}"
EndProject
Project("{2150E333-8FDC-42A3-9474-1A3956D46DE8}") = "StorageMiddleware", "StorageMiddleware", "{5CB88E55-CC71-40B9-A01A-6EB76FA83ACA}"
EndProject
Project("{9A19103F-16F7-4668-BE54-9A1E7A4F7556}") = "StorageMiddlewareApi", "StorageMiddleware\StorageMiddlewareApi\StorageMiddlewareApi.csproj", "{54610F83-ACDF-4B82-83D8-D4CF94657172}"
EndProject
Project("{9A19103F-16F7-4668-BE54-9A1E7A4F7556}") = "StorageAdapters", "StorageMiddleware\StorageAdapters\StorageAdapters.csproj", "{390A5DF5-5D1A-4CD4-8180-AFC4B2C58B0D}"
EndProject
Project("{9A19103F-16F7-4668-BE54-9A1E7A4F7556}") = "StorageConnector", "StorageConnector\StorageConnector.csproj", "{E97C1FBE-3D2A-4475-9004-8A55774F6EAD}"
EndProject
Project("{9A19103F-16F7-4668-BE54-9A1E7A4F7556}") = "CacheProvider", "StorageMiddleware\CacheProvider\CacheProvider.csproj", "{2B9AECC3-1567-43BF-B44F-EA4AE917D43B}"
EndProject
Global
	GlobalSection(SolutionConfigurationPlatforms) = preSolution
		Debug|Any CPU = Debug|Any CPU
		Release|Any CPU = Release|Any CPU
	EndGlobalSection
	GlobalSection(ProjectConfigurationPlatforms) = postSolution
		{D9721F0B-10EE-404E-B3CE-EF11D5B0EB7B}.Debug|Any CPU.ActiveCfg = Debug|Any CPU
		{D9721F0B-10EE-404E-B3CE-EF11D5B0EB7B}.Debug|Any CPU.Build.0 = Debug|Any CPU
		{D9721F0B-10EE-404E-B3CE-EF11D5B0EB7B}.Release|Any CPU.ActiveCfg = Release|Any CPU
		{D9721F0B-10EE-404E-B3CE-EF11D5B0EB7B}.Release|Any CPU.Build.0 = Release|Any CPU
		{5C6CD6F5-368E-4210-8F8A-8DAE394F5E60}.Debug|Any CPU.ActiveCfg = Debug|Any CPU
		{5C6CD6F5-368E-4210-8F8A-8DAE394F5E60}.Debug|Any CPU.Build.0 = Debug|Any CPU
		{5C6CD6F5-368E-4210-8F8A-8DAE394F5E60}.Release|Any CPU.ActiveCfg = Release|Any CPU
		{5C6CD6F5-368E-4210-8F8A-8DAE394F5E60}.Release|Any CPU.Build.0 = Release|Any CPU
		{9EA75F42-F52A-4B43-8F29-AAD99CBEA729}.Debug|Any CPU.ActiveCfg = Debug|Any CPU
		{9EA75F42-F52A-4B43-8F29-AAD99CBEA729}.Debug|Any CPU.Build.0 = Debug|Any CPU
		{9EA75F42-F52A-4B43-8F29-AAD99CBEA729}.Release|Any CPU.ActiveCfg = Release|Any CPU
		{9EA75F42-F52A-4B43-8F29-AAD99CBEA729}.Release|Any CPU.Build.0 = Release|Any CPU
		{7B6A3CD4-D909-4863-B38E-A3D6B7025B50}.Debug|Any CPU.ActiveCfg = Debug|Any CPU
		{7B6A3CD4-D909-4863-B38E-A3D6B7025B50}.Debug|Any CPU.Build.0 = Debug|Any CPU
		{7B6A3CD4-D909-4863-B38E-A3D6B7025B50}.Release|Any CPU.ActiveCfg = Release|Any CPU
		{7B6A3CD4-D909-4863-B38E-A3D6B7025B50}.Release|Any CPU.Build.0 = Release|Any CPU
		{54610F83-ACDF-4B82-83D8-D4CF94657172}.Debug|Any CPU.ActiveCfg = Debug|Any CPU
		{54610F83-ACDF-4B82-83D8-D4CF94657172}.Debug|Any CPU.Build.0 = Debug|Any CPU
		{54610F83-ACDF-4B82-83D8-D4CF94657172}.Release|Any CPU.ActiveCfg = Release|Any CPU
		{54610F83-ACDF-4B82-83D8-D4CF94657172}.Release|Any CPU.Build.0 = Release|Any CPU
		{390A5DF5-5D1A-4CD4-8180-AFC4B2C58B0D}.Debug|Any CPU.ActiveCfg = Debug|Any CPU
		{390A5DF5-5D1A-4CD4-8180-AFC4B2C58B0D}.Debug|Any CPU.Build.0 = Debug|Any CPU
		{390A5DF5-5D1A-4CD4-8180-AFC4B2C58B0D}.Release|Any CPU.ActiveCfg = Release|Any CPU
		{390A5DF5-5D1A-4CD4-8180-AFC4B2C58B0D}.Release|Any CPU.Build.0 = Release|Any CPU
		{E97C1FBE-3D2A-4475-9004-8A55774F6EAD}.Debug|Any CPU.ActiveCfg = Debug|Any CPU
		{E97C1FBE-3D2A-4475-9004-8A55774F6EAD}.Debug|Any CPU.Build.0 = Debug|Any CPU
		{E97C1FBE-3D2A-4475-9004-8A55774F6EAD}.Release|Any CPU.ActiveCfg = Release|Any CPU
		{E97C1FBE-3D2A-4475-9004-8A55774F6EAD}.Release|Any CPU.Build.0 = Release|Any CPU
		{2B9AECC3-1567-43BF-B44F-EA4AE917D43B}.Debug|Any CPU.ActiveCfg = Debug|Any CPU
		{2B9AECC3-1567-43BF-B44F-EA4AE917D43B}.Debug|Any CPU.Build.0 = Debug|Any CPU
		{2B9AECC3-1567-43BF-B44F-EA4AE917D43B}.Release|Any CPU.ActiveCfg = Release|Any CPU
		{2B9AECC3-1567-43BF-B44F-EA4AE917D43B}.Release|Any CPU.Build.0 = Release|Any CPU
	EndGlobalSection
	GlobalSection(SolutionProperties) = preSolution
		HideSolutionNode = FALSE
	EndGlobalSection
	GlobalSection(NestedProjects) = preSolution
		{5C6CD6F5-368E-4210-8F8A-8DAE394F5E60} = {BC2BA119-908D-404D-9A3D-3ED7F1B3655B}
		{9EA75F42-F52A-4B43-8F29-AAD99CBEA729} = {BC2BA119-908D-404D-9A3D-3ED7F1B3655B}
		{7B6A3CD4-D909-4863-B38E-A3D6B7025B50} = {BC2BA119-908D-404D-9A3D-3ED7F1B3655B}
		{54610F83-ACDF-4B82-83D8-D4CF94657172} = {5CB88E55-CC71-40B9-A01A-6EB76FA83ACA}
		{390A5DF5-5D1A-4CD4-8180-AFC4B2C58B0D} = {5CB88E55-CC71-40B9-A01A-6EB76FA83ACA}
		{E97C1FBE-3D2A-4475-9004-8A55774F6EAD} = {5CB88E55-CC71-40B9-A01A-6EB76FA83ACA}
		{2B9AECC3-1567-43BF-B44F-EA4AE917D43B} = {5CB88E55-CC71-40B9-A01A-6EB76FA83ACA}
	EndGlobalSection
	GlobalSection(ExtensibilityGlobals) = postSolution
		SolutionGuid = {B71D2DA9-FEB0-4D91-86EE-185CB76DCAF8}
	EndGlobalSection
EndGlobal
